// !$*UTF8*$!
{
	archiveVersion = 1;
	classes = {
	};
	objectVersion = 55;
	objects = {

/* Begin PBXBuildFile section */
		BE490D862875AA9000892568 /* AppDelegate.swift in Sources */ = {isa = PBXBuildFile; fileRef = BE490D852875AA9000892568 /* AppDelegate.swift */; };
		BE490D882875AA9000892568 /* SceneDelegate.swift in Sources */ = {isa = PBXBuildFile; fileRef = BE490D872875AA9000892568 /* SceneDelegate.swift */; };
		BE490D8A2875AA9000892568 /* ViewController.swift in Sources */ = {isa = PBXBuildFile; fileRef = BE490D892875AA9000892568 /* ViewController.swift */; };
		BE490D8D2875AA9000892568 /* Main.storyboard in Resources */ = {isa = PBXBuildFile; fileRef = BE490D8B2875AA9000892568 /* Main.storyboard */; };
		BE490D8F2875AA9100892568 /* Assets.xcassets in Resources */ = {isa = PBXBuildFile; fileRef = BE490D8E2875AA9100892568 /* Assets.xcassets */; };
		BE490D922875AA9100892568 /* LaunchScreen.storyboard in Resources */ = {isa = PBXBuildFile; fileRef = BE490D902875AA9100892568 /* LaunchScreen.storyboard */; };
		BE490D9D2875AA9200892568 /* WebViewExampleTests.swift in Sources */ = {isa = PBXBuildFile; fileRef = BE490D9C2875AA9200892568 /* WebViewExampleTests.swift */; };
		BE490DA72875AA9200892568 /* WebViewExampleUITests.swift in Sources */ = {isa = PBXBuildFile; fileRef = BE490DA62875AA9200892568 /* WebViewExampleUITests.swift */; };
		BE490DA92875AA9200892568 /* WebViewExampleUITestsLaunchTests.swift in Sources */ = {isa = PBXBuildFile; fileRef = BE490DA82875AA9200892568 /* WebViewExampleUITestsLaunchTests.swift */; };
/* End PBXBuildFile section */

/* Begin PBXContainerItemProxy section */
		BE490D992875AA9200892568 /* PBXContainerItemProxy */ = {
			isa = PBXContainerItemProxy;
			containerPortal = BE490D7A2875AA9000892568 /* Project object */;
			proxyType = 1;
			remoteGlobalIDString = BE490D812875AA9000892568;
			remoteInfo = WebViewExample;
		};
		BE490DA32875AA9200892568 /* PBXContainerItemProxy */ = {
			isa = PBXContainerItemProxy;
			containerPortal = BE490D7A2875AA9000892568 /* Project object */;
			proxyType = 1;
			remoteGlobalIDString = BE490D812875AA9000892568;
			remoteInfo = WebViewExample;
		};
/* End PBXContainerItemProxy section */

/* Begin PBXFileReference section */
		BE490D822875AA9000892568 /* WebViewExample.app */ = {isa = PBXFileReference; explicitFileType = wrapper.application; includeInIndex = 0; path = WebViewExample.app; sourceTree = BUILT_PRODUCTS_DIR; };
		BE490D852875AA9000892568 /* AppDelegate.swift */ = {isa = PBXFileReference; lastKnownFileType = sourcecode.swift; path = AppDelegate.swift; sourceTree = "<group>"; };
		BE490D872875AA9000892568 /* SceneDelegate.swift */ = {isa = PBXFileReference; lastKnownFileType = sourcecode.swift; path = SceneDelegate.swift; sourceTree = "<group>"; };
		BE490D892875AA9000892568 /* ViewController.swift */ = {isa = PBXFileReference; lastKnownFileType = sourcecode.swift; path = ViewController.swift; sourceTree = "<group>"; };
		BE490D8C2875AA9000892568 /* Base */ = {isa = PBXFileReference; lastKnownFileType = file.storyboard; name = Base; path = Base.lproj/Main.storyboard; sourceTree = "<group>"; };
		BE490D8E2875AA9100892568 /* Assets.xcassets */ = {isa = PBXFileReference; lastKnownFileType = folder.assetcatalog; path = Assets.xcassets; sourceTree = "<group>"; };
		BE490D912875AA9100892568 /* Base */ = {isa = PBXFileReference; lastKnownFileType = file.storyboard; name = Base; path = Base.lproj/LaunchScreen.storyboard; sourceTree = "<group>"; };
		BE490D932875AA9100892568 /* Info.plist */ = {isa = PBXFileReference; lastKnownFileType = text.plist.xml; path = Info.plist; sourceTree = "<group>"; };
		BE490D982875AA9200892568 /* WebViewExampleTests.xctest */ = {isa = PBXFileReference; explicitFileType = wrapper.cfbundle; includeInIndex = 0; path = WebViewExampleTests.xctest; sourceTree = BUILT_PRODUCTS_DIR; };
		BE490D9C2875AA9200892568 /* WebViewExampleTests.swift */ = {isa = PBXFileReference; lastKnownFileType = sourcecode.swift; path = WebViewExampleTests.swift; sourceTree = "<group>"; };
		BE490DA22875AA9200892568 /* WebViewExampleUITests.xctest */ = {isa = PBXFileReference; explicitFileType = wrapper.cfbundle; includeInIndex = 0; path = WebViewExampleUITests.xctest; sourceTree = BUILT_PRODUCTS_DIR; };
		BE490DA62875AA9200892568 /* WebViewExampleUITests.swift */ = {isa = PBXFileReference; lastKnownFileType = sourcecode.swift; path = WebViewExampleUITests.swift; sourceTree = "<group>"; };
		BE490DA82875AA9200892568 /* WebViewExampleUITestsLaunchTests.swift */ = {isa = PBXFileReference; lastKnownFileType = sourcecode.swift; path = WebViewExampleUITestsLaunchTests.swift; sourceTree = "<group>"; };
/* End PBXFileReference section */

/* Begin PBXFrameworksBuildPhase section */
		BE490D7F2875AA9000892568 /* Frameworks */ = {
			isa = PBXFrameworksBuildPhase;
			buildActionMask = 2147483647;
			files = (
			);
			runOnlyForDeploymentPostprocessing = 0;
		};
		BE490D952875AA9100892568 /* Frameworks */ = {
			isa = PBXFrameworksBuildPhase;
			buildActionMask = 2147483647;
			files = (
			);
			runOnlyForDeploymentPostprocessing = 0;
		};
		BE490D9F2875AA9200892568 /* Frameworks */ = {
			isa = PBXFrameworksBuildPhase;
			buildActionMask = 2147483647;
			files = (
			);
			runOnlyForDeploymentPostprocessing = 0;
		};
/* End PBXFrameworksBuildPhase section */

/* Begin PBXGroup section */
		BE490D792875AA9000892568 = {
			isa = PBXGroup;
			children = (
				BE490D842875AA9000892568 /* WebViewExample */,
				BE490D9B2875AA9200892568 /* WebViewExampleTests */,
				BE490DA52875AA9200892568 /* WebViewExampleUITests */,
				BE490D832875AA9000892568 /* Products */,
			);
			sourceTree = "<group>";
		};
		BE490D832875AA9000892568 /* Products */ = {
			isa = PBXGroup;
			children = (
				BE490D822875AA9000892568 /* WebViewExample.app */,
				BE490D982875AA9200892568 /* WebViewExampleTests.xctest */,
				BE490DA22875AA9200892568 /* WebViewExampleUITests.xctest */,
			);
			name = Products;
			sourceTree = "<group>";
		};
		BE490D842875AA9000892568 /* WebViewExample */ = {
			isa = PBXGroup;
			children = (
				BE490D852875AA9000892568 /* AppDelegate.swift */,
				BE490D872875AA9000892568 /* SceneDelegate.swift */,
				BE490D892875AA9000892568 /* ViewController.swift */,
				BE490D8B2875AA9000892568 /* Main.storyboard */,
				BE490D8E2875AA9100892568 /* Assets.xcassets */,
				BE490D902875AA9100892568 /* LaunchScreen.storyboard */,
				BE490D932875AA9100892568 /* Info.plist */,
			);
			path = WebViewExample;
			sourceTree = "<group>";
		};
		BE490D9B2875AA9200892568 /* WebViewExampleTests */ = {
			isa = PBXGroup;
			children = (
				BE490D9C2875AA9200892568 /* WebViewExampleTests.swift */,
			);
			path = WebViewExampleTests;
			sourceTree = "<group>";
		};
		BE490DA52875AA9200892568 /* WebViewExampleUITests */ = {
			isa = PBXGroup;
			children = (
				BE490DA62875AA9200892568 /* WebViewExampleUITests.swift */,
				BE490DA82875AA9200892568 /* WebViewExampleUITestsLaunchTests.swift */,
			);
			path = WebViewExampleUITests;
			sourceTree = "<group>";
		};
/* End PBXGroup section */

/* Begin PBXNativeTarget section */
		BE490D812875AA9000892568 /* WebViewExample */ = {
			isa = PBXNativeTarget;
			buildConfigurationList = BE490DAC2875AA9200892568 /* Build configuration list for PBXNativeTarget "WebViewExample" */;
			buildPhases = (
				BE490D7E2875AA9000892568 /* Sources */,
				BE490D7F2875AA9000892568 /* Frameworks */,
				BE490D802875AA9000892568 /* Resources */,
			);
			buildRules = (
			);
			dependencies = (
			);
			name = WebViewExample;
			productName = WebViewExample;
			productReference = BE490D822875AA9000892568 /* WebViewExample.app */;
			productType = "com.apple.product-type.application";
		};
		BE490D972875AA9100892568 /* WebViewExampleTests */ = {
			isa = PBXNativeTarget;
			buildConfigurationList = BE490DAF2875AA9200892568 /* Build configuration list for PBXNativeTarget "WebViewExampleTests" */;
			buildPhases = (
				BE490D942875AA9100892568 /* Sources */,
				BE490D952875AA9100892568 /* Frameworks */,
				BE490D962875AA9100892568 /* Resources */,
			);
			buildRules = (
			);
			dependencies = (
				BE490D9A2875AA9200892568 /* PBXTargetDependency */,
			);
			name = WebViewExampleTests;
			productName = WebViewExampleTests;
			productReference = BE490D982875AA9200892568 /* WebViewExampleTests.xctest */;
			productType = "com.apple.product-type.bundle.unit-test";
		};
		BE490DA12875AA9200892568 /* WebViewExampleUITests */ = {
			isa = PBXNativeTarget;
			buildConfigurationList = BE490DB22875AA9200892568 /* Build configuration list for PBXNativeTarget "WebViewExampleUITests" */;
			buildPhases = (
				BE490D9E2875AA9200892568 /* Sources */,
				BE490D9F2875AA9200892568 /* Frameworks */,
				BE490DA02875AA9200892568 /* Resources */,
			);
			buildRules = (
			);
			dependencies = (
				BE490DA42875AA9200892568 /* PBXTargetDependency */,
			);
			name = WebViewExampleUITests;
			productName = WebViewExampleUITests;
			productReference = BE490DA22875AA9200892568 /* WebViewExampleUITests.xctest */;
			productType = "com.apple.product-type.bundle.ui-testing";
		};
/* End PBXNativeTarget section */

/* Begin PBXProject section */
		BE490D7A2875AA9000892568 /* Project object */ = {
			isa = PBXProject;
			attributes = {
				BuildIndependentTargetsInParallel = 1;
				LastSwiftUpdateCheck = 1320;
				LastUpgradeCheck = 1320;
				TargetAttributes = {
					BE490D812875AA9000892568 = {
						CreatedOnToolsVersion = 13.2;
					};
					BE490D972875AA9100892568 = {
						CreatedOnToolsVersion = 13.2;
						TestTargetID = BE490D812875AA9000892568;
					};
					BE490DA12875AA9200892568 = {
						CreatedOnToolsVersion = 13.2;
						TestTargetID = BE490D812875AA9000892568;
					};
				};
			};
			buildConfigurationList = BE490D7D2875AA9000892568 /* Build configuration list for PBXProject "WebViewExample" */;
			compatibilityVersion = "Xcode 13.0";
			developmentRegion = en;
			hasScannedForEncodings = 0;
			knownRegions = (
				en,
				Base,
			);
			mainGroup = BE490D792875AA9000892568;
			productRefGroup = BE490D832875AA9000892568 /* Products */;
			projectDirPath = "";
			projectRoot = "";
			targets = (
				BE490D812875AA9000892568 /* WebViewExample */,
				BE490D972875AA9100892568 /* WebViewExampleTests */,
				BE490DA12875AA9200892568 /* WebViewExampleUITests */,
			);
		};
/* End PBXProject section */

/* Begin PBXResourcesBuildPhase section */
		BE490D802875AA9000892568 /* Resources */ = {
			isa = PBXResourcesBuildPhase;
			buildActionMask = 2147483647;
			files = (
				BE490D922875AA9100892568 /* LaunchScreen.storyboard in Resources */,
				BE490D8F2875AA9100892568 /* Assets.xcassets in Resources */,
				BE490D8D2875AA9000892568 /* Main.storyboard in Resources */,
			);
			runOnlyForDeploymentPostprocessing = 0;
		};
		BE490D962875AA9100892568 /* Resources */ = {
			isa = PBXResourcesBuildPhase;
			buildActionMask = 2147483647;
			files = (
			);
			runOnlyForDeploymentPostprocessing = 0;
		};
		BE490DA02875AA9200892568 /* Resources */ = {
			isa = PBXResourcesBuildPhase;
			buildActionMask = 2147483647;
			files = (
			);
			runOnlyForDeploymentPostprocessing = 0;
		};
/* End PBXResourcesBuildPhase section */

/* Begin PBXSourcesBuildPhase section */
		BE490D7E2875AA9000892568 /* Sources */ = {
			isa = PBXSourcesBuildPhase;
			buildActionMask = 2147483647;
			files = (
				BE490D8A2875AA9000892568 /* ViewController.swift in Sources */,
				BE490D862875AA9000892568 /* AppDelegate.swift in Sources */,
				BE490D882875AA9000892568 /* SceneDelegate.swift in Sources */,
			);
			runOnlyForDeploymentPostprocessing = 0;
		};
		BE490D942875AA9100892568 /* Sources */ = {
			isa = PBXSourcesBuildPhase;
			buildActionMask = 2147483647;
			files = (
				BE490D9D2875AA9200892568 /* WebViewExampleTests.swift in Sources */,
			);
			runOnlyForDeploymentPostprocessing = 0;
		};
		BE490D9E2875AA9200892568 /* Sources */ = {
			isa = PBXSourcesBuildPhase;
			buildActionMask = 2147483647;
			files = (
				BE490DA72875AA9200892568 /* WebViewExampleUITests.swift in Sources */,
				BE490DA92875AA9200892568 /* WebViewExampleUITestsLaunchTests.swift in Sources */,
			);
			runOnlyForDeploymentPostprocessing = 0;
		};
/* End PBXSourcesBuildPhase section */

/* Begin PBXTargetDependency section */
		BE490D9A2875AA9200892568 /* PBXTargetDependency */ = {
			isa = PBXTargetDependency;
			target = BE490D812875AA9000892568 /* WebViewExample */;
			targetProxy = BE490D992875AA9200892568 /* PBXContainerItemProxy */;
		};
		BE490DA42875AA9200892568 /* PBXTargetDependency */ = {
			isa = PBXTargetDependency;
			target = BE490D812875AA9000892568 /* WebViewExample */;
			targetProxy = BE490DA32875AA9200892568 /* PBXContainerItemProxy */;
		};
/* End PBXTargetDependency section */

/* Begin PBXVariantGroup section */
		BE490D8B2875AA9000892568 /* Main.storyboard */ = {
			isa = PBXVariantGroup;
			children = (
				BE490D8C2875AA9000892568 /* Base */,
			);
			name = Main.storyboard;
			sourceTree = "<group>";
		};
		BE490D902875AA9100892568 /* LaunchScreen.storyboard */ = {
			isa = PBXVariantGroup;
			children = (
				BE490D912875AA9100892568 /* Base */,
			);
			name = LaunchScreen.storyboard;
			sourceTree = "<group>";
		};
/* End PBXVariantGroup section */

/* Begin XCBuildConfiguration section */
		BE490DAA2875AA9200892568 /* Debug */ = {
			isa = XCBuildConfiguration;
			buildSettings = {
				ALWAYS_SEARCH_USER_PATHS = NO;
				CLANG_ANALYZER_NONNULL = YES;
				CLANG_ANALYZER_NUMBER_OBJECT_CONVERSION = YES_AGGRESSIVE;
				CLANG_CXX_LANGUAGE_STANDARD = "gnu++17";
				CLANG_CXX_LIBRARY = "libc++";
				CLANG_ENABLE_MODULES = YES;
				CLANG_ENABLE_OBJC_ARC = YES;
				CLANG_ENABLE_OBJC_WEAK = YES;
				CLANG_WARN_BLOCK_CAPTURE_AUTORELEASING = YES;
				CLANG_WARN_BOOL_CONVERSION = YES;
				CLANG_WARN_COMMA = YES;
				CLANG_WARN_CONSTANT_CONVERSION = YES;
				CLANG_WARN_DEPRECATED_OBJC_IMPLEMENTATIONS = YES;
				CLANG_WARN_DIRECT_OBJC_ISA_USAGE = YES_ERROR;
				CLANG_WARN_DOCUMENTATION_COMMENTS = YES;
				CLANG_WARN_EMPTY_BODY = YES;
				CLANG_WARN_ENUM_CONVERSION = YES;
				CLANG_WARN_INFINITE_RECURSION = YES;
				CLANG_WARN_INT_CONVERSION = YES;
				CLANG_WARN_NON_LITERAL_NULL_CONVERSION = YES;
				CLANG_WARN_OBJC_IMPLICIT_RETAIN_SELF = YES;
				CLANG_WARN_OBJC_LITERAL_CONVERSION = YES;
				CLANG_WARN_OBJC_ROOT_CLASS = YES_ERROR;
				CLANG_WARN_QUOTED_INCLUDE_IN_FRAMEWORK_HEADER = YES;
				CLANG_WARN_RANGE_LOOP_ANALYSIS = YES;
				CLANG_WARN_STRICT_PROTOTYPES = YES;
				CLANG_WARN_SUSPICIOUS_MOVE = YES;
				CLANG_WARN_UNGUARDED_AVAILABILITY = YES_AGGRESSIVE;
				CLANG_WARN_UNREACHABLE_CODE = YES;
				CLANG_WARN__DUPLICATE_METHOD_MATCH = YES;
				COPY_PHASE_STRIP = NO;
				DEBUG_INFORMATION_FORMAT = dwarf;
				ENABLE_STRICT_OBJC_MSGSEND = YES;
				ENABLE_TESTABILITY = YES;
				GCC_C_LANGUAGE_STANDARD = gnu11;
				GCC_DYNAMIC_NO_PIC = NO;
				GCC_NO_COMMON_BLOCKS = YES;
				GCC_OPTIMIZATION_LEVEL = 0;
				GCC_PREPROCESSOR_DEFINITIONS = (
					"DEBUG=1",
					"$(inherited)",
				);
				GCC_WARN_64_TO_32_BIT_CONVERSION = YES;
				GCC_WARN_ABOUT_RETURN_TYPE = YES_ERROR;
				GCC_WARN_UNDECLARED_SELECTOR = YES;
				GCC_WARN_UNINITIALIZED_AUTOS = YES_AGGRESSIVE;
				GCC_WARN_UNUSED_FUNCTION = YES;
				GCC_WARN_UNUSED_VARIABLE = YES;
				IPHONEOS_DEPLOYMENT_TARGET = 15.2;
				MTL_ENABLE_DEBUG_INFO = INCLUDE_SOURCE;
				MTL_FAST_MATH = YES;
				ONLY_ACTIVE_ARCH = YES;
				SDKROOT = iphoneos;
				SWIFT_ACTIVE_COMPILATION_CONDITIONS = DEBUG;
				SWIFT_OPTIMIZATION_LEVEL = "-Onone";
			};
			name = Debug;
		};
		BE490DAB2875AA9200892568 /* Release */ = {
			isa = XCBuildConfiguration;
			buildSettings = {
				ALWAYS_SEARCH_USER_PATHS = NO;
				CLANG_ANALYZER_NONNULL = YES;
				CLANG_ANALYZER_NUMBER_OBJECT_CONVERSION = YES_AGGRESSIVE;
				CLANG_CXX_LANGUAGE_STANDARD = "gnu++17";
				CLANG_CXX_LIBRARY = "libc++";
				CLANG_ENABLE_MODULES = YES;
				CLANG_ENABLE_OBJC_ARC = YES;
				CLANG_ENABLE_OBJC_WEAK = YES;
				CLANG_WARN_BLOCK_CAPTURE_AUTORELEASING = YES;
				CLANG_WARN_BOOL_CONVERSION = YES;
				CLANG_WARN_COMMA = YES;
				CLANG_WARN_CONSTANT_CONVERSION = YES;
				CLANG_WARN_DEPRECATED_OBJC_IMPLEMENTATIONS = YES;
				CLANG_WARN_DIRECT_OBJC_ISA_USAGE = YES_ERROR;
				CLANG_WARN_DOCUMENTATION_COMMENTS = YES;
				CLANG_WARN_EMPTY_BODY = YES;
				CLANG_WARN_ENUM_CONVERSION = YES;
				CLANG_WARN_INFINITE_RECURSION = YES;
				CLANG_WARN_INT_CONVERSION = YES;
				CLANG_WARN_NON_LITERAL_NULL_CONVERSION = YES;
				CLANG_WARN_OBJC_IMPLICIT_RETAIN_SELF = YES;
				CLANG_WARN_OBJC_LITERAL_CONVERSION = YES;
				CLANG_WARN_OBJC_ROOT_CLASS = YES_ERROR;
				CLANG_WARN_QUOTED_INCLUDE_IN_FRAMEWORK_HEADER = YES;
				CLANG_WARN_RANGE_LOOP_ANALYSIS = YES;
				CLANG_WARN_STRICT_PROTOTYPES = YES;
				CLANG_WARN_SUSPICIOUS_MOVE = YES;
				CLANG_WARN_UNGUARDED_AVAILABILITY = YES_AGGRESSIVE;
				CLANG_WARN_UNREACHABLE_CODE = YES;
				CLANG_WARN__DUPLICATE_METHOD_MATCH = YES;
				COPY_PHASE_STRIP = NO;
				DEBUG_INFORMATION_FORMAT = "dwarf-with-dsym";
				ENABLE_NS_ASSERTIONS = NO;
				ENABLE_STRICT_OBJC_MSGSEND = YES;
				GCC_C_LANGUAGE_STANDARD = gnu11;
				GCC_NO_COMMON_BLOCKS = YES;
				GCC_WARN_64_TO_32_BIT_CONVERSION = YES;
				GCC_WARN_ABOUT_RETURN_TYPE = YES_ERROR;
				GCC_WARN_UNDECLARED_SELECTOR = YES;
				GCC_WARN_UNINITIALIZED_AUTOS = YES_AGGRESSIVE;
				GCC_WARN_UNUSED_FUNCTION = YES;
				GCC_WARN_UNUSED_VARIABLE = YES;
				IPHONEOS_DEPLOYMENT_TARGET = 15.2;
				MTL_ENABLE_DEBUG_INFO = NO;
				MTL_FAST_MATH = YES;
				SDKROOT = iphoneos;
				SWIFT_COMPILATION_MODE = wholemodule;
				SWIFT_OPTIMIZATION_LEVEL = "-O";
				VALIDATE_PRODUCT = YES;
			};
			name = Release;
		};
		BE490DAD2875AA9200892568 /* Debug */ = {
			isa = XCBuildConfiguration;
			buildSettings = {
				ASSETCATALOG_COMPILER_APPICON_NAME = AppIcon;
				ASSETCATALOG_COMPILER_GLOBAL_ACCENT_COLOR_NAME = AccentColor;
				CODE_SIGN_STYLE = Automatic;
				CURRENT_PROJECT_VERSION = 1;
				GENERATE_INFOPLIST_FILE = YES;
				INFOPLIST_FILE = WebViewExample/Info.plist;
				INFOPLIST_KEY_UIApplicationSupportsIndirectInputEvents = YES;
				INFOPLIST_KEY_UILaunchStoryboardName = LaunchScreen;
				INFOPLIST_KEY_UIMainStoryboardFile = Main;
				INFOPLIST_KEY_UISupportedInterfaceOrientations_iPad = "UIInterfaceOrientationPortrait UIInterfaceOrientationPortraitUpsideDown UIInterfaceOrientationLandscapeLeft UIInterfaceOrientationLandscapeRight";
				INFOPLIST_KEY_UISupportedInterfaceOrientations_iPhone = "UIInterfaceOrientationPortrait UIInterfaceOrientationLandscapeLeft UIInterfaceOrientationLandscapeRight";
				LD_RUNPATH_SEARCH_PATHS = (
					"$(inherited)",
					"@executable_path/Frameworks",
				);
				MARKETING_VERSION = 1.0;
				PRODUCT_BUNDLE_IDENTIFIER = com.truelayer.WebViewExample;
				PRODUCT_NAME = "$(TARGET_NAME)";
				SWIFT_EMIT_LOC_STRINGS = YES;
				SWIFT_VERSION = 5.0;
				TARGETED_DEVICE_FAMILY = "1,2";
			};
			name = Debug;
		};
		BE490DAE2875AA9200892568 /* Release */ = {
			isa = XCBuildConfiguration;
			buildSettings = {
				ASSETCATALOG_COMPILER_APPICON_NAME = AppIcon;
				ASSETCATALOG_COMPILER_GLOBAL_ACCENT_COLOR_NAME = AccentColor;
				CODE_SIGN_STYLE = Automatic;
				CURRENT_PROJECT_VERSION = 1;
				GENERATE_INFOPLIST_FILE = YES;
				INFOPLIST_FILE = WebViewExample/Info.plist;
				INFOPLIST_KEY_UIApplicationSupportsIndirectInputEvents = YES;
				INFOPLIST_KEY_UILaunchStoryboardName = LaunchScreen;
				INFOPLIST_KEY_UIMainStoryboardFile = Main;
				INFOPLIST_KEY_UISupportedInterfaceOrientations_iPad = "UIInterfaceOrientationPortrait UIInterfaceOrientationPortraitUpsideDown UIInterfaceOrientationLandscapeLeft UIInterfaceOrientationLandscapeRight";
				INFOPLIST_KEY_UISupportedInterfaceOrientations_iPhone = "UIInterfaceOrientationPortrait UIInterfaceOrientationLandscapeLeft UIInterfaceOrientationLandscapeRight";
				LD_RUNPATH_SEARCH_PATHS = (
					"$(inherited)",
					"@executable_path/Frameworks",
				);
				MARKETING_VERSION = 1.0;
				PRODUCT_BUNDLE_IDENTIFIER = com.truelayer.WebViewExample;
				PRODUCT_NAME = "$(TARGET_NAME)";
				SWIFT_EMIT_LOC_STRINGS = YES;
				SWIFT_VERSION = 5.0;
				TARGETED_DEVICE_FAMILY = "1,2";
			};
			name = Release;
		};
		BE490DB02875AA9200892568 /* Debug */ = {
			isa = XCBuildConfiguration;
			buildSettings = {
				ALWAYS_EMBED_SWIFT_STANDARD_LIBRARIES = YES;
				BUNDLE_LOADER = "$(TEST_HOST)";
				CODE_SIGN_STYLE = Automatic;
				CURRENT_PROJECT_VERSION = 1;
				GENERATE_INFOPLIST_FILE = YES;
				IPHONEOS_DEPLOYMENT_TARGET = 15.2;
				MARKETING_VERSION = 1.0;
				PRODUCT_BUNDLE_IDENTIFIER = com.truelayer.WebViewExampleTests;
				PRODUCT_NAME = "$(TARGET_NAME)";
				SWIFT_EMIT_LOC_STRINGS = NO;
				SWIFT_VERSION = 5.0;
				TARGETED_DEVICE_FAMILY = "1,2";
				TEST_HOST = "$(BUILT_PRODUCTS_DIR)/WebViewExample.app/WebViewExample";
			};
			name = Debug;
		};
		BE490DB12875AA9200892568 /* Release */ = {
			isa = XCBuildConfiguration;
			buildSettings = {
				ALWAYS_EMBED_SWIFT_STANDARD_LIBRARIES = YES;
				BUNDLE_LOADER = "$(TEST_HOST)";
				CODE_SIGN_STYLE = Automatic;
				CURRENT_PROJECT_VERSION = 1;
				GENERATE_INFOPLIST_FILE = YES;
				IPHONEOS_DEPLOYMENT_TARGET = 15.2;
				MARKETING_VERSION = 1.0;
				PRODUCT_BUNDLE_IDENTIFIER = com.truelayer.WebViewExampleTests;
				PRODUCT_NAME = "$(TARGET_NAME)";
				SWIFT_EMIT_LOC_STRINGS = NO;
				SWIFT_VERSION = 5.0;
				TARGETED_DEVICE_FAMILY = "1,2";
				TEST_HOST = "$(BUILT_PRODUCTS_DIR)/WebViewExample.app/WebViewExample";
			};
			name = Release;
		};
		BE490DB32875AA9200892568 /* Debug */ = {
			isa = XCBuildConfiguration;
			buildSettings = {
				ALWAYS_EMBED_SWIFT_STANDARD_LIBRARIES = YES;
				CODE_SIGN_STYLE = Automatic;
				CURRENT_PROJECT_VERSION = 1;
				GENERATE_INFOPLIST_FILE = YES;
				MARKETING_VERSION = 1.0;
				PRODUCT_BUNDLE_IDENTIFIER = com.truelayer.WebViewExampleUITests;
				PRODUCT_NAME = "$(TARGET_NAME)";
				SWIFT_EMIT_LOC_STRINGS = NO;
				SWIFT_VERSION = 5.0;
				TARGETED_DEVICE_FAMILY = "1,2";
				TEST_TARGET_NAME = WebViewExample;
			};
			name = Debug;
		};
		BE490DB42875AA9200892568 /* Release */ = {
			isa = XCBuildConfiguration;
			buildSettings = {
				ALWAYS_EMBED_SWIFT_STANDARD_LIBRARIES = YES;
				CODE_SIGN_STYLE = Automatic;
				CURRENT_PROJECT_VERSION = 1;
				GENERATE_INFOPLIST_FILE = YES;
				MARKETING_VERSION = 1.0;
				PRODUCT_BUNDLE_IDENTIFIER = com.truelayer.WebViewExampleUITests;
				PRODUCT_NAME = "$(TARGET_NAME)";
				SWIFT_EMIT_LOC_STRINGS = NO;
				SWIFT_VERSION = 5.0;
				TARGETED_DEVICE_FAMILY = "1,2";
				TEST_TARGET_NAME = WebViewExample;
			};
			name = Release;
		};
/* End XCBuildConfiguration section */

/* Begin XCConfigurationList section */
		BE490D7D2875AA9000892568 /* Build configuration list for PBXProject "WebViewExample" */ = {
			isa = XCConfigurationList;
			buildConfigurations = (
				BE490DAA2875AA9200892568 /* Debug */,
				BE490DAB2875AA9200892568 /* Release */,
			);
			defaultConfigurationIsVisible = 0;
			defaultConfigurationName = Release;
		};
		BE490DAC2875AA9200892568 /* Build configuration list for PBXNativeTarget "WebViewExample" */ = {
			isa = XCConfigurationList;
			buildConfigurations = (
				BE490DAD2875AA9200892568 /* Debug */,
				BE490DAE2875AA9200892568 /* Release */,
			);
			defaultConfigurationIsVisible = 0;
			defaultConfigurationName = Release;
		};
		BE490DAF2875AA9200892568 /* Build configuration list for PBXNativeTarget "WebViewExampleTests" */ = {
			isa = XCConfigurationList;
			buildConfigurations = (
				BE490DB02875AA9200892568 /* Debug */,
				BE490DB12875AA9200892568 /* Release */,
			);
			defaultConfigurationIsVisible = 0;
			defaultConfigurationName = Release;
		};
		BE490DB22875AA9200892568 /* Build configuration list for PBXNativeTarget "WebViewExampleUITests" */ = {
			isa = XCConfigurationList;
			buildConfigurations = (
				BE490DB32875AA9200892568 /* Debug */,
				BE490DB42875AA9200892568 /* Release */,
			);
			defaultConfigurationIsVisible = 0;
			defaultConfigurationName = Release;
		};
/* End XCConfigurationList section */
	};
	rootObject = BE490D7A2875AA9000892568 /* Project object */;
}
